hash: c06e5c5215bcfda266f252f1e1e599f7014d5abeaa9e599dfd84450f15c30eda
updated: 2016-10-24T20:56:29.020021846+02:00
imports:
- name: github.com/andybalholm/cascadia
  version: 3ad29d1ad1c4f2023e355603324348cf1f4b2d48
- name: github.com/disintegration/imaging
  version: 5b7e22645c93e3f3911b36b7d66bf8799f3eddfd
- name: github.com/djimenez/iconv-go
  version: 8960e66bd3dacbc8773962b40eb82fc18c63c127
- name: github.com/go-kit/kit
  version: 05d576d792f0917676597bf6b3ac5054eb4e679a
  subpackages:
  - log
- name: github.com/go-logfmt/logfmt
  version: d4327190ff838312623b09bfeb50d7c93c8d9c1d
- name: github.com/go-stack/stack
  version: 100eb0c0a9c5b306ca2fb4f165df21d80ada4b82
- name: github.com/gorilla/context
  version: 1ea25387ff6f684839d82767c1733ff4d4d15d0a
- name: github.com/gorilla/mux
  version: 0eeaf8392f5b04950925b8a69fe70f110fa7cbfc
- name: github.com/gorilla/securecookie
  version: 8dacca26977607e637262eb66b15b7d39f2d3009
- name: github.com/gorilla/sessions
  version: a1216e0aed834aa9074063dd4085f5c3df8d1fab
- name: github.com/kr/logfmt
  version: b84e30acd515aadc4b783ad4ff83aff3299bdfe0
- name: github.com/mattn/go-sqlite3
  version: 37aa7c6f5bc95b7264de70cd1f0ca1d39228ebd6
- name: github.com/NYTimes/gziphandler
  version: 172fbbbb329cf7e031dd3ab35766186fc2081eab
- name: github.com/paulrosania/go-charset
  version: 621bb39fcc835dce592e682f5073025d0169587b
  subpackages:
  - charset
  - data
- name: github.com/PuerkitoBio/goquery
  version: 2e29ea41f0d13f4a303c75553f4eeadddc7a4c56
- name: github.com/texttheater/golang-levenshtein
  version: 14026fface0cb806188c85e792a93d625dc37d0f
  subpackages:
  - levenshtein
- name: github.com/ungerik/go-rss
  version: bb39c3b1f3e47e671d97a593c98170ff4b44af06
- name: github.com/urfave/cli
  version: 6f2647a880e25bd7178ab4bbf1f4045ac256cc57
- name: github.com/warmans/coldlink
  version: 70d533e07b6922effdb532322e810fb3126ccb88
- name: github.com/warmans/ctxhandler
  version: d3d30f2ff86c9c41130b74ef5690e2c50ac83028
- name: github.com/warmans/dbr
  version: 3c1c54f637871b1b2513b2737d80d79ba7d40376
  subpackages:
  - dialect
- name: github.com/warmans/go-bandcamp-search
  version: bf1aefe60d892be9d9caf5098f0fc4260dade9d3
  subpackages:
  - bcamp
- name: github.com/warmans/resty
  version: c8f477f16b0985bb7571e6f7209605040c2b7611
- name: golang.org/x/crypto
  version: 1777f3ba8c1fed80fcaec3317e3aaa4f627764d2
  subpackages:
  - bcrypt
  - blowfish
- name: golang.org/x/image
  version: 93fad3647fcda43e12f413a6dd7568896dc06ba9
  subpackages:
  - bmp
  - tiff
  - tiff/lzw
- name: golang.org/x/net
  version: fb93926129b8ec0056f2f458b1f519654814edf0
  subpackages:
  - context
  - html
  - html/atom
- name: golang.org/x/text
  version: 2556e8494a202e0b4008f70eda8cdb089b03fa50
  subpackages:
  - transform
  - encoding/charmap
  - encoding
  - encoding/internal
  - encoding/internal/identifier
devImports: []
