hash: a4f7bc72d878dc6f253361e6f7dcc012c83c286b848a5768f6c51065792c9872
updated: 2016-11-22T20:38:35.025528132+01:00
imports:
- name: github.com/andybalholm/cascadia
  version: 1c4aa0be99d2a01480a091a09bc2501768f72136
- name: github.com/disintegration/imaging
  version: 1c4aa0be99d2a01480a091a09bc2501768f72136
- name: github.com/djimenez/iconv-go
  version: 1c4aa0be99d2a01480a091a09bc2501768f72136
- name: github.com/go-kit/kit
  version: 1c4aa0be99d2a01480a091a09bc2501768f72136
  subpackages:
  - log
- name: github.com/go-logfmt/logfmt
  version: 1c4aa0be99d2a01480a091a09bc2501768f72136
- name: github.com/go-stack/stack
  version: 1c4aa0be99d2a01480a091a09bc2501768f72136
- name: github.com/gorilla/context
  version: 1c4aa0be99d2a01480a091a09bc2501768f72136
- name: github.com/gorilla/mux
  version: 1c4aa0be99d2a01480a091a09bc2501768f72136
- name: github.com/gorilla/securecookie
  version: 1c4aa0be99d2a01480a091a09bc2501768f72136
- name: github.com/gorilla/sessions
  version: 1c4aa0be99d2a01480a091a09bc2501768f72136
- name: github.com/jinzhu/now
  version: 1c4aa0be99d2a01480a091a09bc2501768f72136
- name: github.com/kr/logfmt
  version: 1c4aa0be99d2a01480a091a09bc2501768f72136
- name: github.com/mattn/go-sqlite3
  version: 1c4aa0be99d2a01480a091a09bc2501768f72136
- name: github.com/NYTimes/gziphandler
  version: 1c4aa0be99d2a01480a091a09bc2501768f72136
- name: github.com/paulrosania/go-charset
  version: 1c4aa0be99d2a01480a091a09bc2501768f72136
  subpackages:
  - charset
  - data
- name: github.com/PuerkitoBio/goquery
  version: 1c4aa0be99d2a01480a091a09bc2501768f72136
- name: github.com/texttheater/golang-levenshtein
  version: 1c4aa0be99d2a01480a091a09bc2501768f72136
  subpackages:
  - levenshtein
- name: github.com/ungerik/go-rss
  version: 1c4aa0be99d2a01480a091a09bc2501768f72136
- name: github.com/urfave/cli
  version: 1c4aa0be99d2a01480a091a09bc2501768f72136
- name: github.com/warmans/coldlink
  version: 1c4aa0be99d2a01480a091a09bc2501768f72136
- name: github.com/warmans/ctxhandler
  version: 1c4aa0be99d2a01480a091a09bc2501768f72136
- name: github.com/warmans/dbr
  version: 1c4aa0be99d2a01480a091a09bc2501768f72136
  subpackages:
  - dialect
- name: github.com/warmans/go-bandcamp-search
  version: 8a6175298c3e44ae8ac1522a98cbc99a57340cd8
  subpackages:
  - bcamp
- name: github.com/warmans/resty
  version: 1c4aa0be99d2a01480a091a09bc2501768f72136
- name: golang.org/x/crypto
  version: 1c4aa0be99d2a01480a091a09bc2501768f72136
  subpackages:
  - bcrypt
  - blowfish
- name: golang.org/x/image
  version: 1c4aa0be99d2a01480a091a09bc2501768f72136
  subpackages:
  - bmp
  - tiff
  - tiff/lzw
- name: golang.org/x/net
  version: 1c4aa0be99d2a01480a091a09bc2501768f72136
  subpackages:
  - context
  - html
  - html/atom
- name: golang.org/x/text
  version: 1c4aa0be99d2a01480a091a09bc2501768f72136
  subpackages:
  - transform
  - encoding/charmap
  - encoding
  - encoding/internal
  - encoding/internal/identifier
devImports: []
